
Microsoft Visual Studio Solution File, Format Version 12.00
# Visual Studio Version 17
VisualStudioVersion = 17.3.32901.215
MinimumVisualStudioVersion = 10.0.40219.1
Project("{FAE04EC0-301F-11D3-BF4B-00C04F79EFBC}") = "sinav2", "sinav2\sinav2.csproj", "{16182605-AE54-483E-90F8-9CD6C1E3BD7D}"
EndProject
Global
	GlobalSection(SolutionConfigurationPlatforms) = preSolution
		Debug|Any CPU = Debug|Any CPU
		Release|Any CPU = Release|Any CPU
	EndGlobalSection
	GlobalSection(ProjectConfigurationPlatforms) = postSolution
		{16182605-AE54-483E-90F8-9CD6C1E3BD7D}.Debug|Any CPU.ActiveCfg = Debug|Any CPU
		{16182605-AE54-483E-90F8-9CD6C1E3BD7D}.Debug|Any CPU.Build.0 = Debug|Any CPU
		{16182605-AE54-483E-90F8-9CD6C1E3BD7D}.Release|Any CPU.ActiveCfg = Release|Any CPU
		{16182605-AE54-483E-90F8-9CD6C1E3BD7D}.Release|Any CPU.Build.0 = Release|Any CPU
	EndGlobalSection
	GlobalSection(SolutionProperties) = preSolution
		HideSolutionNode = FALSE
	EndGlobalSection
	GlobalSection(ExtensibilityGlobals) = postSolution
		SolutionGuid = {F261DA9A-E899-446D-A633-D9686CF45D27}
	EndGlobalSection
EndGlobal
